
Microsoft Visual Studio Solution File, Format Version 12.00
# Visual Studio 15
Project("{FAE04EC0-301F-11D3-BF4B-00C04F79EFBC}") = "slignar-aspnetcore-server", "slignar-aspnetcore-server\slignar-aspnetcore-server.csproj", "{240932FE-3366-45C6-B979-CB58DEAD222E}"
EndProject
Global
	GlobalSection(SolutionConfigurationPlatforms) = preSolution
		Debug|Any CPU = Debug|Any CPU
		Release|Any CPU = Release|Any CPU
	EndGlobalSection
	GlobalSection(ProjectConfigurationPlatforms) = postSolution
		{240932FE-3366-45C6-B979-CB58DEAD222E}.Debug|Any CPU.ActiveCfg = Debug|Any CPU
		{240932FE-3366-45C6-B979-CB58DEAD222E}.Debug|Any CPU.Build.0 = Debug|Any CPU
		{240932FE-3366-45C6-B979-CB58DEAD222E}.Release|Any CPU.ActiveCfg = Release|Any CPU
		{240932FE-3366-45C6-B979-CB58DEAD222E}.Release|Any CPU.Build.0 = Release|Any CPU
	EndGlobalSection
EndGlobal
